
Microsoft Visual Studio Solution File, Format Version 12.00
# Visual Studio Version 17
VisualStudioVersion = 17.7.34202.233
MinimumVisualStudioVersion = 10.0.40219.1
Project("{FAE04EC0-301F-11D3-BF4B-00C04F79EFBC}") = "ThreadDemo", "ThreadDemo.csproj", "{B6CD5226-4552-4C35-8E0F-22AC49C39136}"
EndProject
Global
	GlobalSection(SolutionConfigurationPlatforms) = preSolution
		Debug|Any CPU = Debug|Any CPU
		Release|Any CPU = Release|Any CPU
	EndGlobalSection
	GlobalSection(ProjectConfigurationPlatforms) = postSolution
		{B6CD5226-4552-4C35-8E0F-22AC49C39136}.Debug|Any CPU.ActiveCfg = Debug|Any CPU
		{B6CD5226-4552-4C35-8E0F-22AC49C39136}.Debug|Any CPU.Build.0 = Debug|Any CPU
		{B6CD5226-4552-4C35-8E0F-22AC49C39136}.Release|Any CPU.ActiveCfg = Release|Any CPU
		{B6CD5226-4552-4C35-8E0F-22AC49C39136}.Release|Any CPU.Build.0 = Release|Any CPU
	EndGlobalSection
	GlobalSection(SolutionProperties) = preSolution
		HideSolutionNode = FALSE
	EndGlobalSection
	GlobalSection(ExtensibilityGlobals) = postSolution
		SolutionGuid = {7FD6F806-2699-4ED3-BF8C-365C430AC751}
	EndGlobalSection
EndGlobal
